
Microsoft Visual Studio Solution File, Format Version 12.00
# Visual Studio Version 17
VisualStudioVersion = 17.1.32421.90
MinimumVisualStudioVersion = 10.0.40219.1
Project("{9A19103F-16F7-4668-BE54-9A1E7A4F7556}") = "Shizzle_ILogic", "Shizzle_ILogic\Shizzle_ILogic.csproj", "{D51B2E36-BA45-4B00-9E8C-8104B811F6D2}"
	ProjectSection(ProjectDependencies) = postProject
		{71D00906-C705-4DBA-A765-5C96D36900C6} = {71D00906-C705-4DBA-A765-5C96D36900C6}
	EndProjectSection
EndProject
Project("{9A19103F-16F7-4668-BE54-9A1E7A4F7556}") = "Shizzle_IData", "Shizzle_IData\Shizzle_IData.csproj", "{B1DAD60D-AD27-4C04-8ADE-748EABF26245}"
	ProjectSection(ProjectDependencies) = postProject
		{71D00906-C705-4DBA-A765-5C96D36900C6} = {71D00906-C705-4DBA-A765-5C96D36900C6}
	EndProjectSection
EndProject
Project("{9A19103F-16F7-4668-BE54-9A1E7A4F7556}") = "Shizzle_Factory", "Shizzle_Factory\Shizzle_Factory.csproj", "{663A6573-1454-4FD5-A01A-6264D4D2D83E}"
	ProjectSection(ProjectDependencies) = postProject
		{B1DAD60D-AD27-4C04-8ADE-748EABF26245} = {B1DAD60D-AD27-4C04-8ADE-748EABF26245}
		{D51B2E36-BA45-4B00-9E8C-8104B811F6D2} = {D51B2E36-BA45-4B00-9E8C-8104B811F6D2}
		{70B8DB4D-1EB9-4085-928F-2C635CE12BA2} = {70B8DB4D-1EB9-4085-928F-2C635CE12BA2}
		{527C1556-67CF-4867-B520-EEF7D89D097A} = {527C1556-67CF-4867-B520-EEF7D89D097A}
	EndProjectSection
EndProject
Project("{9A19103F-16F7-4668-BE54-9A1E7A4F7556}") = "Shizzle_Logic", "Shizzle_Logic\Shizzle_Logic.csproj", "{70B8DB4D-1EB9-4085-928F-2C635CE12BA2}"
	ProjectSection(ProjectDependencies) = postProject
		{B1DAD60D-AD27-4C04-8ADE-748EABF26245} = {B1DAD60D-AD27-4C04-8ADE-748EABF26245}
		{D51B2E36-BA45-4B00-9E8C-8104B811F6D2} = {D51B2E36-BA45-4B00-9E8C-8104B811F6D2}
	EndProjectSection
EndProject
Project("{9A19103F-16F7-4668-BE54-9A1E7A4F7556}") = "Shizzle_Data", "Shizzle_Data\Shizzle_Data.csproj", "{527C1556-67CF-4867-B520-EEF7D89D097A}"
	ProjectSection(ProjectDependencies) = postProject
		{71D00906-C705-4DBA-A765-5C96D36900C6} = {71D00906-C705-4DBA-A765-5C96D36900C6}
	EndProjectSection
EndProject
Project("{9A19103F-16F7-4668-BE54-9A1E7A4F7556}") = "Shizzle_Structures", "Shizzle_Structures\Shizzle_Structures.csproj", "{71D00906-C705-4DBA-A765-5C96D36900C6}"
EndProject
Project("{9A19103F-16F7-4668-BE54-9A1E7A4F7556}") = "Shizzle_View", "Shizzle_View\Shizzle_View.csproj", "{58FAE813-D222-4424-B53E-E4963CE7B82B}"
EndProject
Project("{FAE04EC0-301F-11D3-BF4B-00C04F79EFBC}") = "Shizzle_LowLevelStructures", "Shizzle_LowLevelStructures\Shizzle_LowLevelStructures.csproj", "{5771AFBF-3F75-4F08-AE68-62C7E5680735}"
	ProjectSection(ProjectDependencies) = postProject
		{71D00906-C705-4DBA-A765-5C96D36900C6} = {71D00906-C705-4DBA-A765-5C96D36900C6}
	EndProjectSection
EndProject
Global
	GlobalSection(SolutionConfigurationPlatforms) = preSolution
		Debug|Any CPU = Debug|Any CPU
		Release|Any CPU = Release|Any CPU
	EndGlobalSection
	GlobalSection(ProjectConfigurationPlatforms) = postSolution
		{D51B2E36-BA45-4B00-9E8C-8104B811F6D2}.Debug|Any CPU.ActiveCfg = Debug|Any CPU
		{D51B2E36-BA45-4B00-9E8C-8104B811F6D2}.Debug|Any CPU.Build.0 = Debug|Any CPU
		{D51B2E36-BA45-4B00-9E8C-8104B811F6D2}.Release|Any CPU.ActiveCfg = Release|Any CPU
		{D51B2E36-BA45-4B00-9E8C-8104B811F6D2}.Release|Any CPU.Build.0 = Release|Any CPU
		{B1DAD60D-AD27-4C04-8ADE-748EABF26245}.Debug|Any CPU.ActiveCfg = Debug|Any CPU
		{B1DAD60D-AD27-4C04-8ADE-748EABF26245}.Debug|Any CPU.Build.0 = Debug|Any CPU
		{B1DAD60D-AD27-4C04-8ADE-748EABF26245}.Release|Any CPU.ActiveCfg = Release|Any CPU
		{B1DAD60D-AD27-4C04-8ADE-748EABF26245}.Release|Any CPU.Build.0 = Release|Any CPU
		{663A6573-1454-4FD5-A01A-6264D4D2D83E}.Debug|Any CPU.ActiveCfg = Debug|Any CPU
		{663A6573-1454-4FD5-A01A-6264D4D2D83E}.Debug|Any CPU.Build.0 = Debug|Any CPU
		{663A6573-1454-4FD5-A01A-6264D4D2D83E}.Release|Any CPU.ActiveCfg = Release|Any CPU
		{663A6573-1454-4FD5-A01A-6264D4D2D83E}.Release|Any CPU.Build.0 = Release|Any CPU
		{70B8DB4D-1EB9-4085-928F-2C635CE12BA2}.Debug|Any CPU.ActiveCfg = Debug|Any CPU
		{70B8DB4D-1EB9-4085-928F-2C635CE12BA2}.Debug|Any CPU.Build.0 = Debug|Any CPU
		{70B8DB4D-1EB9-4085-928F-2C635CE12BA2}.Release|Any CPU.ActiveCfg = Release|Any CPU
		{70B8DB4D-1EB9-4085-928F-2C635CE12BA2}.Release|Any CPU.Build.0 = Release|Any CPU
		{527C1556-67CF-4867-B520-EEF7D89D097A}.Debug|Any CPU.ActiveCfg = Debug|Any CPU
		{527C1556-67CF-4867-B520-EEF7D89D097A}.Debug|Any CPU.Build.0 = Debug|Any CPU
		{527C1556-67CF-4867-B520-EEF7D89D097A}.Release|Any CPU.ActiveCfg = Release|Any CPU
		{527C1556-67CF-4867-B520-EEF7D89D097A}.Release|Any CPU.Build.0 = Release|Any CPU
		{71D00906-C705-4DBA-A765-5C96D36900C6}.Debug|Any CPU.ActiveCfg = Debug|Any CPU
		{71D00906-C705-4DBA-A765-5C96D36900C6}.Debug|Any CPU.Build.0 = Debug|Any CPU
		{71D00906-C705-4DBA-A765-5C96D36900C6}.Release|Any CPU.ActiveCfg = Release|Any CPU
		{71D00906-C705-4DBA-A765-5C96D36900C6}.Release|Any CPU.Build.0 = Release|Any CPU
		{58FAE813-D222-4424-B53E-E4963CE7B82B}.Debug|Any CPU.ActiveCfg = Debug|Any CPU
		{58FAE813-D222-4424-B53E-E4963CE7B82B}.Debug|Any CPU.Build.0 = Debug|Any CPU
		{58FAE813-D222-4424-B53E-E4963CE7B82B}.Release|Any CPU.ActiveCfg = Release|Any CPU
		{58FAE813-D222-4424-B53E-E4963CE7B82B}.Release|Any CPU.Build.0 = Release|Any CPU
		{5771AFBF-3F75-4F08-AE68-62C7E5680735}.Debug|Any CPU.ActiveCfg = Debug|Any CPU
		{5771AFBF-3F75-4F08-AE68-62C7E5680735}.Debug|Any CPU.Build.0 = Debug|Any CPU
		{5771AFBF-3F75-4F08-AE68-62C7E5680735}.Release|Any CPU.ActiveCfg = Release|Any CPU
		{5771AFBF-3F75-4F08-AE68-62C7E5680735}.Release|Any CPU.Build.0 = Release|Any CPU
	EndGlobalSection
	GlobalSection(SolutionProperties) = preSolution
		HideSolutionNode = FALSE
	EndGlobalSection
	GlobalSection(ExtensibilityGlobals) = postSolution
		SolutionGuid = {6AD8186D-F8A0-4C73-B213-E9A10255E80F}
	EndGlobalSection
EndGlobal
